// !$*UTF8*$!
{
	archiveVersion = 1;
	classes = {
	};
	objectVersion = 46;
	objects = {

/* Begin PBXBuildFile section */
		6846C0851B2C71D30079C644 /* main.m in Sources */ = {isa = PBXBuildFile; fileRef = 6846C0841B2C71D30079C644 /* main.m */; };
		6846C0881B2C71D30079C644 /* AppDelegate.m in Sources */ = {isa = PBXBuildFile; fileRef = 6846C0871B2C71D30079C644 /* AppDelegate.m */; };
		6846C08B1B2C71D30079C644 /* ios_Table.xcdatamodeld in Sources */ = {isa = PBXBuildFile; fileRef = 6846C0891B2C71D30079C644 /* ios_Table.xcdatamodeld */; };
		6846C08E1B2C71D30079C644 /* Start.m in Sources */ = {isa = PBXBuildFile; fileRef = 6846C08D1B2C71D30079C644 /* Start.m */; };
		6846C0911B2C71D30079C644 /* Main.storyboard in Resources */ = {isa = PBXBuildFile; fileRef = 6846C08F1B2C71D30079C644 /* Main.storyboard */; };
		6846C0931B2C71D30079C644 /* Images.xcassets in Resources */ = {isa = PBXBuildFile; fileRef = 6846C0921B2C71D30079C644 /* Images.xcassets */; };
		6846C0961B2C71D30079C644 /* LaunchScreen.xib in Resources */ = {isa = PBXBuildFile; fileRef = 6846C0941B2C71D30079C644 /* LaunchScreen.xib */; };
		6846C0A21B2C71D40079C644 /* ios_TableTests.m in Sources */ = {isa = PBXBuildFile; fileRef = 6846C0A11B2C71D40079C644 /* ios_TableTests.m */; };
/* End PBXBuildFile section */

/* Begin PBXContainerItemProxy section */
		6846C09C1B2C71D40079C644 /* PBXContainerItemProxy */ = {
			isa = PBXContainerItemProxy;
			containerPortal = 6846C0771B2C71D30079C644 /* Project object */;
			proxyType = 1;
			remoteGlobalIDString = 6846C07E1B2C71D30079C644;
			remoteInfo = "ios-Table";
		};
/* End PBXContainerItemProxy section */

/* Begin PBXFileReference section */
		6846C07F1B2C71D30079C644 /* ios-Table.app */ = {isa = PBXFileReference; explicitFileType = wrapper.application; includeInIndex = 0; path = "ios-Table.app"; sourceTree = BUILT_PRODUCTS_DIR; };
		6846C0831B2C71D30079C644 /* Info.plist */ = {isa = PBXFileReference; lastKnownFileType = text.plist.xml; path = Info.plist; sourceTree = "<group>"; };
		6846C0841B2C71D30079C644 /* main.m */ = {isa = PBXFileReference; lastKnownFileType = sourcecode.c.objc; path = main.m; sourceTree = "<group>"; };
		6846C0861B2C71D30079C644 /* AppDelegate.h */ = {isa = PBXFileReference; lastKnownFileType = sourcecode.c.h; path = AppDelegate.h; sourceTree = "<group>"; };
		6846C0871B2C71D30079C644 /* AppDelegate.m */ = {isa = PBXFileReference; lastKnownFileType = sourcecode.c.objc; path = AppDelegate.m; sourceTree = "<group>"; };
		6846C08A1B2C71D30079C644 /* ios_Table.xcdatamodel */ = {isa = PBXFileReference; lastKnownFileType = wrapper.xcdatamodel; path = ios_Table.xcdatamodel; sourceTree = "<group>"; };
		6846C08C1B2C71D30079C644 /* Start.h */ = {isa = PBXFileReference; lastKnownFileType = sourcecode.c.h; path = Start.h; sourceTree = "<group>"; };
		6846C08D1B2C71D30079C644 /* Start.m */ = {isa = PBXFileReference; lastKnownFileType = sourcecode.c.objc; path = Start.m; sourceTree = "<group>"; };
		6846C0901B2C71D30079C644 /* Base */ = {isa = PBXFileReference; lastKnownFileType = file.storyboard; name = Base; path = Base.lproj/Main.storyboard; sourceTree = "<group>"; };
		6846C0921B2C71D30079C644 /* Images.xcassets */ = {isa = PBXFileReference; lastKnownFileType = folder.assetcatalog; path = Images.xcassets; sourceTree = "<group>"; };
		6846C0951B2C71D30079C644 /* Base */ = {isa = PBXFileReference; lastKnownFileType = file.xib; name = Base; path = Base.lproj/LaunchScreen.xib; sourceTree = "<group>"; };
		6846C09B1B2C71D40079C644 /* ios-TableTests.xctest */ = {isa = PBXFileReference; explicitFileType = wrapper.cfbundle; includeInIndex = 0; path = "ios-TableTests.xctest"; sourceTree = BUILT_PRODUCTS_DIR; };
		6846C0A01B2C71D40079C644 /* Info.plist */ = {isa = PBXFileReference; lastKnownFileType = text.plist.xml; path = Info.plist; sourceTree = "<group>"; };
		6846C0A11B2C71D40079C644 /* ios_TableTests.m */ = {isa = PBXFileReference; lastKnownFileType = sourcecode.c.objc; path = ios_TableTests.m; sourceTree = "<group>"; };
/* End PBXFileReference section */

/* Begin PBXFrameworksBuildPhase section */
		6846C07C1B2C71D30079C644 /* Frameworks */ = {
			isa = PBXFrameworksBuildPhase;
			buildActionMask = 2147483647;
			files = (
			);
			runOnlyForDeploymentPostprocessing = 0;
		};
		6846C0981B2C71D40079C644 /* Frameworks */ = {
			isa = PBXFrameworksBuildPhase;
			buildActionMask = 2147483647;
			files = (
			);
			runOnlyForDeploymentPostprocessing = 0;
		};
/* End PBXFrameworksBuildPhase section */

/* Begin PBXGroup section */
		6846C0761B2C71D30079C644 = {
			isa = PBXGroup;
			children = (
				6846C0811B2C71D30079C644 /* ios-Table */,
				6846C09E1B2C71D40079C644 /* ios-TableTests */,
				6846C0801B2C71D30079C644 /* Products */,
			);
			sourceTree = "<group>";
		};
		6846C0801B2C71D30079C644 /* Products */ = {
			isa = PBXGroup;
			children = (
				6846C07F1B2C71D30079C644 /* ios-Table.app */,
				6846C09B1B2C71D40079C644 /* ios-TableTests.xctest */,
			);
			name = Products;
			sourceTree = "<group>";
		};
		6846C0811B2C71D30079C644 /* ios-Table */ = {
			isa = PBXGroup;
			children = (
				6846C0AD1B2C729E0079C644 /* Customized */,
				6846C0AC1B2C72970079C644 /* Controllers */,
				6846C0AB1B2C728E0079C644 /* Main */,
				6846C08F1B2C71D30079C644 /* Main.storyboard */,
				6846C0921B2C71D30079C644 /* Images.xcassets */,
				6846C0941B2C71D30079C644 /* LaunchScreen.xib */,
				6846C0891B2C71D30079C644 /* ios_Table.xcdatamodeld */,
				6846C0821B2C71D30079C644 /* Supporting Files */,
			);
			path = "ios-Table";
			sourceTree = "<group>";
		};
		6846C0821B2C71D30079C644 /* Supporting Files */ = {
			isa = PBXGroup;
			children = (
				6846C0831B2C71D30079C644 /* Info.plist */,
				6846C0841B2C71D30079C644 /* main.m */,
			);
			name = "Supporting Files";
			sourceTree = "<group>";
		};
		6846C09E1B2C71D40079C644 /* ios-TableTests */ = {
			isa = PBXGroup;
			children = (
				6846C0A11B2C71D40079C644 /* ios_TableTests.m */,
				6846C09F1B2C71D40079C644 /* Supporting Files */,
			);
			path = "ios-TableTests";
			sourceTree = "<group>";
		};
		6846C09F1B2C71D40079C644 /* Supporting Files */ = {
			isa = PBXGroup;
			children = (
				6846C0A01B2C71D40079C644 /* Info.plist */,
			);
			name = "Supporting Files";
			sourceTree = "<group>";
		};
		6846C0AB1B2C728E0079C644 /* Main */ = {
			isa = PBXGroup;
			children = (
				6846C0861B2C71D30079C644 /* AppDelegate.h */,
				6846C0871B2C71D30079C644 /* AppDelegate.m */,
			);
			name = Main;
			sourceTree = "<group>";
		};
		6846C0AC1B2C72970079C644 /* Controllers */ = {
			isa = PBXGroup;
			children = (
				6846C08C1B2C71D30079C644 /* Start.h */,
				6846C08D1B2C71D30079C644 /* Start.m */,
			);
			name = Controllers;
			sourceTree = "<group>";
		};
		6846C0AD1B2C729E0079C644 /* Customized */ = {
			isa = PBXGroup;
			children = (
			);
			name = Customized;
			sourceTree = "<group>";
		};
/* End PBXGroup section */

/* Begin PBXNativeTarget section */
		6846C07E1B2C71D30079C644 /* ios-Table */ = {
			isa = PBXNativeTarget;
			buildConfigurationList = 6846C0A51B2C71D40079C644 /* Build configuration list for PBXNativeTarget "ios-Table" */;
			buildPhases = (
				6846C07B1B2C71D30079C644 /* Sources */,
				6846C07C1B2C71D30079C644 /* Frameworks */,
				6846C07D1B2C71D30079C644 /* Resources */,
			);
			buildRules = (
			);
			dependencies = (
			);
			name = "ios-Table";
			productName = "ios-Table";
			productReference = 6846C07F1B2C71D30079C644 /* ios-Table.app */;
			productType = "com.apple.product-type.application";
		};
		6846C09A1B2C71D40079C644 /* ios-TableTests */ = {
			isa = PBXNativeTarget;
			buildConfigurationList = 6846C0A81B2C71D40079C644 /* Build configuration list for PBXNativeTarget "ios-TableTests" */;
			buildPhases = (
				6846C0971B2C71D40079C644 /* Sources */,
				6846C0981B2C71D40079C644 /* Frameworks */,
				6846C0991B2C71D40079C644 /* Resources */,
			);
			buildRules = (
			);
			dependencies = (
				6846C09D1B2C71D40079C644 /* PBXTargetDependency */,
			);
			name = "ios-TableTests";
			productName = "ios-TableTests";
			productReference = 6846C09B1B2C71D40079C644 /* ios-TableTests.xctest */;
			productType = "com.apple.product-type.bundle.unit-test";
		};
/* End PBXNativeTarget section */

/* Begin PBXProject section */
		6846C0771B2C71D30079C644 /* Project object */ = {
			isa = PBXProject;
			attributes = {
				LastUpgradeCheck = 0630;
				ORGANIZATIONNAME = fuentess;
				TargetAttributes = {
					6846C07E1B2C71D30079C644 = {
						CreatedOnToolsVersion = 6.3.2;
					};
					6846C09A1B2C71D40079C644 = {
						CreatedOnToolsVersion = 6.3.2;
						TestTargetID = 6846C07E1B2C71D30079C644;
					};
				};
			};
			buildConfigurationList = 6846C07A1B2C71D30079C644 /* Build configuration list for PBXProject "ios-Table" */;
			compatibilityVersion = "Xcode 3.2";
			developmentRegion = English;
			hasScannedForEncodings = 0;
			knownRegions = (
				en,
				Base,
			);
			mainGroup = 6846C0761B2C71D30079C644;
			productRefGroup = 6846C0801B2C71D30079C644 /* Products */;
			projectDirPath = "";
			projectRoot = "";
			targets = (
				6846C07E1B2C71D30079C644 /* ios-Table */,
				6846C09A1B2C71D40079C644 /* ios-TableTests */,
			);
		};
/* End PBXProject section */

/* Begin PBXResourcesBuildPhase section */
		6846C07D1B2C71D30079C644 /* Resources */ = {
			isa = PBXResourcesBuildPhase;
			buildActionMask = 2147483647;
			files = (
				6846C0911B2C71D30079C644 /* Main.storyboard in Resources */,
				6846C0961B2C71D30079C644 /* LaunchScreen.xib in Resources */,
				6846C0931B2C71D30079C644 /* Images.xcassets in Resources */,
			);
			runOnlyForDeploymentPostprocessing = 0;
		};
		6846C0991B2C71D40079C644 /* Resources */ = {
			isa = PBXResourcesBuildPhase;
			buildActionMask = 2147483647;
			files = (
			);
			runOnlyForDeploymentPostprocessing = 0;
		};
/* End PBXResourcesBuildPhase section */

/* Begin PBXSourcesBuildPhase section */
		6846C07B1B2C71D30079C644 /* Sources */ = {
			isa = PBXSourcesBuildPhase;
			buildActionMask = 2147483647;
			files = (
				6846C0881B2C71D30079C644 /* AppDelegate.m in Sources */,
				6846C0851B2C71D30079C644 /* main.m in Sources */,
				6846C08E1B2C71D30079C644 /* Start.m in Sources */,
				6846C08B1B2C71D30079C644 /* ios_Table.xcdatamodeld in Sources */,
			);
			runOnlyForDeploymentPostprocessing = 0;
		};
		6846C0971B2C71D40079C644 /* Sources */ = {
			isa = PBXSourcesBuildPhase;
			buildActionMask = 2147483647;
			files = (
				6846C0A21B2C71D40079C644 /* ios_TableTests.m in Sources */,
			);
			runOnlyForDeploymentPostprocessing = 0;
		};
/* End PBXSourcesBuildPhase section */

/* Begin PBXTargetDependency section */
		6846C09D1B2C71D40079C644 /* PBXTargetDependency */ = {
			isa = PBXTargetDependency;
			target = 6846C07E1B2C71D30079C644 /* ios-Table */;
			targetProxy = 6846C09C1B2C71D40079C644 /* PBXContainerItemProxy */;
		};
/* End PBXTargetDependency section */

/* Begin PBXVariantGroup section */
		6846C08F1B2C71D30079C644 /* Main.storyboard */ = {
			isa = PBXVariantGroup;
			children = (
				6846C0901B2C71D30079C644 /* Base */,
			);
			name = Main.storyboard;
			sourceTree = "<group>";
		};
		6846C0941B2C71D30079C644 /* LaunchScreen.xib */ = {
			isa = PBXVariantGroup;
			children = (
				6846C0951B2C71D30079C644 /* Base */,
			);
			name = LaunchScreen.xib;
			sourceTree = "<group>";
		};
/* End PBXVariantGroup section */

/* Begin XCBuildConfiguration section */
		6846C0A31B2C71D40079C644 /* Debug */ = {
			isa = XCBuildConfiguration;
			buildSettings = {
				ALWAYS_SEARCH_USER_PATHS = NO;
				CLANG_CXX_LANGUAGE_STANDARD = "gnu++0x";
				CLANG_CXX_LIBRARY = "libc++";
				CLANG_ENABLE_MODULES = YES;
				CLANG_ENABLE_OBJC_ARC = YES;
				CLANG_WARN_BOOL_CONVERSION = YES;
				CLANG_WARN_CONSTANT_CONVERSION = YES;
				CLANG_WARN_DIRECT_OBJC_ISA_USAGE = YES_ERROR;
				CLANG_WARN_EMPTY_BODY = YES;
				CLANG_WARN_ENUM_CONVERSION = YES;
				CLANG_WARN_INT_CONVERSION = YES;
				CLANG_WARN_OBJC_ROOT_CLASS = YES_ERROR;
				CLANG_WARN_UNREACHABLE_CODE = YES;
				CLANG_WARN__DUPLICATE_METHOD_MATCH = YES;
				"CODE_SIGN_IDENTITY[sdk=iphoneos*]" = "iPhone Developer";
				COPY_PHASE_STRIP = NO;
				DEBUG_INFORMATION_FORMAT = "dwarf-with-dsym";
				ENABLE_STRICT_OBJC_MSGSEND = YES;
				GCC_C_LANGUAGE_STANDARD = gnu99;
				GCC_DYNAMIC_NO_PIC = NO;
				GCC_NO_COMMON_BLOCKS = YES;
				GCC_OPTIMIZATION_LEVEL = 0;
				GCC_PREPROCESSOR_DEFINITIONS = (
					"DEBUG=1",
					"$(inherited)",
				);
				GCC_SYMBOLS_PRIVATE_EXTERN = NO;
				GCC_WARN_64_TO_32_BIT_CONVERSION = YES;
				GCC_WARN_ABOUT_RETURN_TYPE = YES_ERROR;
				GCC_WARN_UNDECLARED_SELECTOR = YES;
				GCC_WARN_UNINITIALIZED_AUTOS = YES_AGGRESSIVE;
				GCC_WARN_UNUSED_FUNCTION = YES;
				GCC_WARN_UNUSED_VARIABLE = YES;
				IPHONEOS_DEPLOYMENT_TARGET = 8.3;
				MTL_ENABLE_DEBUG_INFO = YES;
				ONLY_ACTIVE_ARCH = YES;
				SDKROOT = iphoneos;
			};
			name = Debug;
		};
		6846C0A41B2C71D40079C644 /* Release */ = {
			isa = XCBuildConfiguration;
			buildSettings = {
				ALWAYS_SEARCH_USER_PATHS = NO;
				CLANG_CXX_LANGUAGE_STANDARD = "gnu++0x";
				CLANG_CXX_LIBRARY = "libc++";
				CLANG_ENABLE_MODULES = YES;
				CLANG_ENABLE_OBJC_ARC = YES;
				CLANG_WARN_BOOL_CONVERSION = YES;
				CLANG_WARN_CONSTANT_CONVERSION = YES;
				CLANG_WARN_DIRECT_OBJC_ISA_USAGE = YES_ERROR;
				CLANG_WARN_EMPTY_BODY = YES;
				CLANG_WARN_ENUM_CONVERSION = YES;
				CLANG_WARN_INT_CONVERSION = YES;
				CLANG_WARN_OBJC_ROOT_CLASS = YES_ERROR;
				CLANG_WARN_UNREACHABLE_CODE = YES;
				CLANG_WARN__DUPLICATE_METHOD_MATCH = YES;
				"CODE_SIGN_IDENTITY[sdk=iphoneos*]" = "iPhone Developer";
				COPY_PHASE_STRIP = NO;
				DEBUG_INFORMATION_FORMAT = "dwarf-with-dsym";
				ENABLE_NS_ASSERTIONS = NO;
				ENABLE_STRICT_OBJC_MSGSEND = YES;
				GCC_C_LANGUAGE_STANDARD = gnu99;
				GCC_NO_COMMON_BLOCKS = YES;
				GCC_WARN_64_TO_32_BIT_CONVERSION = YES;
				GCC_WARN_ABOUT_RETURN_TYPE = YES_ERROR;
				GCC_WARN_UNDECLARED_SELECTOR = YES;
				GCC_WARN_UNINITIALIZED_AUTOS = YES_AGGRESSIVE;
				GCC_WARN_UNUSED_FUNCTION = YES;
				GCC_WARN_UNUSED_VARIABLE = YES;
				IPHONEOS_DEPLOYMENT_TARGET = 8.3;
				MTL_ENABLE_DEBUG_INFO = NO;
				SDKROOT = iphoneos;
				VALIDATE_PRODUCT = YES;
			};
			name = Release;
		};
		6846C0A61B2C71D40079C644 /* Debug */ = {
			isa = XCBuildConfiguration;
			buildSettings = {
				ASSETCATALOG_COMPILER_APPICON_NAME = AppIcon;
				INFOPLIST_FILE = "ios-Table/Info.plist";
				LD_RUNPATH_SEARCH_PATHS = "$(inherited) @executable_path/Frameworks";
				PRODUCT_NAME = "$(TARGET_NAME)";
			};
			name = Debug;
		};
		6846C0A71B2C71D40079C644 /* Release */ = {
			isa = XCBuildConfiguration;
			buildSettings = {
				ASSETCATALOG_COMPILER_APPICON_NAME = AppIcon;
				INFOPLIST_FILE = "ios-Table/Info.plist";
				LD_RUNPATH_SEARCH_PATHS = "$(inherited) @executable_path/Frameworks";
				PRODUCT_NAME = "$(TARGET_NAME)";
			};
			name = Release;
		};
		6846C0A91B2C71D40079C644 /* Debug */ = {
			isa = XCBuildConfiguration;
			buildSettings = {
				BUNDLE_LOADER = "$(TEST_HOST)";
				FRAMEWORK_SEARCH_PATHS = (
					"$(SDKROOT)/Developer/Library/Frameworks",
					"$(inherited)",
				);
				GCC_PREPROCESSOR_DEFINITIONS = (
					"DEBUG=1",
					"$(inherited)",
				);
				INFOPLIST_FILE = "ios-TableTests/Info.plist";
				LD_RUNPATH_SEARCH_PATHS = "$(inherited) @executable_path/Frameworks @loader_path/Frameworks";
				PRODUCT_NAME = "$(TARGET_NAME)";
				TEST_HOST = "$(BUILT_PRODUCTS_DIR)/ios-Table.app/ios-Table";
			};
			name = Debug;
		};
		6846C0AA1B2C71D40079C644 /* Release */ = {
			isa = XCBuildConfiguration;
			buildSettings = {
				BUNDLE_LOADER = "$(TEST_HOST)";
				FRAMEWORK_SEARCH_PATHS = (
					"$(SDKROOT)/Developer/Library/Frameworks",
					"$(inherited)",
				);
				INFOPLIST_FILE = "ios-TableTests/Info.plist";
				LD_RUNPATH_SEARCH_PATHS = "$(inherited) @executable_path/Frameworks @loader_path/Frameworks";
				PRODUCT_NAME = "$(TARGET_NAME)";
				TEST_HOST = "$(BUILT_PRODUCTS_DIR)/ios-Table.app/ios-Table";
			};
			name = Release;
		};
/* End XCBuildConfiguration section */

/* Begin XCConfigurationList section */
		6846C07A1B2C71D30079C644 /* Build configuration list for PBXProject "ios-Table" */ = {
			isa = XCConfigurationList;
			buildConfigurations = (
				6846C0A31B2C71D40079C644 /* Debug */,
				6846C0A41B2C71D40079C644 /* Release */,
			);
			defaultConfigurationIsVisible = 0;
			defaultConfigurationName = Release;
		};
		6846C0A51B2C71D40079C644 /* Build configuration list for PBXNativeTarget "ios-Table" */ = {
			isa = XCConfigurationList;
			buildConfigurations = (
				6846C0A61B2C71D40079C644 /* Debug */,
				6846C0A71B2C71D40079C644 /* Release */,
			);
			defaultConfigurationIsVisible = 0;
		};
		6846C0A81B2C71D40079C644 /* Build configuration list for PBXNativeTarget "ios-TableTests" */ = {
			isa = XCConfigurationList;
			buildConfigurations = (
				6846C0A91B2C71D40079C644 /* Debug */,
				6846C0AA1B2C71D40079C644 /* Release */,
			);
			defaultConfigurationIsVisible = 0;
		};
/* End XCConfigurationList section */

/* Begin XCVersionGroup section */
		6846C0891B2C71D30079C644 /* ios_Table.xcdatamodeld */ = {
			isa = XCVersionGroup;
			children = (
				6846C08A1B2C71D30079C644 /* ios_Table.xcdatamodel */,
			);
			currentVersion = 6846C08A1B2C71D30079C644 /* ios_Table.xcdatamodel */;
			path = ios_Table.xcdatamodeld;
			sourceTree = "<group>";
			versionGroupType = wrapper.xcdatamodel;
		};
/* End XCVersionGroup section */
	};
	rootObject = 6846C0771B2C71D30079C644 /* Project object */;
}
